// !$*UTF8*$!
{
	archiveVersion = 1;
	classes = {
	};
	objectVersion = 77;
	objects = {

/* Begin PBXBuildFile section */
		A10000000000000000000001 /* T01PrototypeApp.swift in Sources */ = {isa = PBXBuildFile; fileRef = A20000000000000000000001 /* T01PrototypeApp.swift */; };
		A10000000000000000000002 /* ContentView.swift in Sources */ = {isa = PBXBuildFile; fileRef = A20000000000000000000002 /* ContentView.swift */; };
		A10000000000000000000003 /* AlarmSchedulingProbe.swift in Sources */ = {isa = PBXBuildFile; fileRef = A20000000000000000000003 /* AlarmSchedulingProbe.swift */; };
		A10000000000000000000004 /* Assets.xcassets in Resources */ = {isa = PBXBuildFile; fileRef = A20000000000000000000004 /* Assets.xcassets */; };
		A10000000000000000000005 /* AlarmStoreTests.swift in Sources */ = {isa = PBXBuildFile; fileRef = A20000000000000000000005 /* AlarmStoreTests.swift */; };
		A10000000000000000000006 /* AlarmModel.swift in Sources */ = {isa = PBXBuildFile; fileRef = A20000000000000000000007 /* AlarmModel.swift */; };
		A10000000000000000000007 /* AlarmStore.swift in Sources */ = {isa = PBXBuildFile; fileRef = A20000000000000000000008 /* AlarmStore.swift */; };
/* End PBXBuildFile section */

/* Begin PBXFileReference section */
		A20000000000000000000000 /* T01PrototypeApp.app */ = {isa = PBXFileReference; explicitFileType = wrapper.application; includeInIndex = 0; path = T01PrototypeApp.app; sourceTree = BUILT_PRODUCTS_DIR; };
		A20000000000000000000001 /* T01PrototypeApp.swift */ = {isa = PBXFileReference; lastKnownFileType = sourcecode.swift; path = T01PrototypeApp.swift; sourceTree = "<group>"; };
		A20000000000000000000002 /* ContentView.swift */ = {isa = PBXFileReference; lastKnownFileType = sourcecode.swift; path = ContentView.swift; sourceTree = "<group>"; };
		A20000000000000000000003 /* AlarmSchedulingProbe.swift */ = {isa = PBXFileReference; lastKnownFileType = sourcecode.swift; path = AlarmSchedulingProbe.swift; sourceTree = "<group>"; };
		A20000000000000000000004 /* Assets.xcassets */ = {isa = PBXFileReference; lastKnownFileType = folder.assetcatalog; path = Assets.xcassets; sourceTree = "<group>"; };
		A20000000000000000000005 /* AlarmStoreTests.swift */ = {isa = PBXFileReference; lastKnownFileType = sourcecode.swift; path = AlarmStoreTests.swift; sourceTree = "<group>"; };
		A20000000000000000000006 /* T01PrototypeAppTests.xctest */ = {isa = PBXFileReference; explicitFileType = wrapper.cfbundle; includeInIndex = 0; path = T01PrototypeAppTests.xctest; sourceTree = BUILT_PRODUCTS_DIR; };
		A20000000000000000000007 /* AlarmModel.swift */ = {isa = PBXFileReference; lastKnownFileType = sourcecode.swift; path = AlarmModel.swift; sourceTree = "<group>"; };
		A20000000000000000000008 /* AlarmStore.swift */ = {isa = PBXFileReference; lastKnownFileType = sourcecode.swift; path = AlarmStore.swift; sourceTree = "<group>"; };
/* End PBXFileReference section */

/* Begin PBXFrameworksBuildPhase section */
		A30000000000000000000001 /* Frameworks */ = {isa = PBXFrameworksBuildPhase; buildActionMask = 2147483647; files = (); runOnlyForDeploymentPostprocessing = 0; };
		A30000000000000000000004 /* Test Frameworks */ = {isa = PBXFrameworksBuildPhase; buildActionMask = 2147483647; files = (); runOnlyForDeploymentPostprocessing = 0; };
/* End PBXFrameworksBuildPhase section */

/* Begin PBXGroup section */
		A40000000000000000000000 = {isa = PBXGroup; children = (A40000000000000000000001, A40000000000000000000002, A40000000000000000000003, A40000000000000000000004); sourceTree = "<group>"; };
		A40000000000000000000001 /* T01PrototypeApp */ = {isa = PBXGroup; children = (A20000000000000000000001, A20000000000000000000002, A20000000000000000000004, A20000000000000000000007, A20000000000000000000008); path = T01PrototypeApp; sourceTree = "<group>"; };
		A40000000000000000000002 /* T01Prototype */ = {isa = PBXGroup; children = (A20000000000000000000003); path = "."; sourceTree = "<group>"; };
		A40000000000000000000003 /* Products */ = {isa = PBXGroup; children = (A20000000000000000000000, A20000000000000000000006); name = Products; sourceTree = "<group>"; };
		A40000000000000000000004 /* T01PrototypeAppTests */ = {isa = PBXGroup; children = (A20000000000000000000005); path = T01PrototypeAppTests; sourceTree = "<group>"; };
/* End PBXGroup section */

/* Begin PBXNativeTarget section */
		A50000000000000000000001 /* T01PrototypeApp */ = {isa = PBXNativeTarget; buildConfigurationList = A60000000000000000000002; buildPhases = (A30000000000000000000002, A30000000000000000000001, A30000000000000000000003); buildRules = (); dependencies = (); name = T01PrototypeApp; productName = T01PrototypeApp; productReference = A20000000000000000000000; productType = "com.apple.product-type.application"; };
		A50000000000000000000002 /* T01PrototypeAppTests */ = {isa = PBXNativeTarget; buildConfigurationList = A60000000000000000000003; buildPhases = (A30000000000000000000005, A30000000000000000000004, A30000000000000000000006); buildRules = (); dependencies = (A90000000000000000000002); name = T01PrototypeAppTests; productName = T01PrototypeAppTests; productReference = A20000000000000000000006; productType = "com.apple.product-type.bundle.unit-test"; };
/* End PBXNativeTarget section */

/* Begin PBXProject section */
		A70000000000000000000001 /* Project object */ = {isa = PBXProject; attributes = {LastUpgradeCheck = 2600;}; buildConfigurationList = A60000000000000000000001; compatibilityVersion = "Xcode 16.0"; developmentRegion = en; hasScannedForEncodings = 0; knownRegions = (en, Base); mainGroup = A40000000000000000000000; productRefGroup = A40000000000000000000003; projectDirPath = ""; projectRoot = ""; targets = (A50000000000000000000001, A50000000000000000000002); };
/* End PBXProject section */

/* Begin PBXResourcesBuildPhase section */
		A30000000000000000000003 /* Resources */ = {isa = PBXResourcesBuildPhase; buildActionMask = 2147483647; files = (A10000000000000000000004); runOnlyForDeploymentPostprocessing = 0; };
		A30000000000000000000006 /* Test Resources */ = {isa = PBXResourcesBuildPhase; buildActionMask = 2147483647; files = (); runOnlyForDeploymentPostprocessing = 0; };
/* End PBXResourcesBuildPhase section */

/* Begin PBXSourcesBuildPhase section */
		A30000000000000000000002 /* Sources */ = {isa = PBXSourcesBuildPhase; buildActionMask = 2147483647; files = (A10000000000000000000001, A10000000000000000000002, A10000000000000000000003, A10000000000000000000006, A10000000000000000000007); runOnlyForDeploymentPostprocessing = 0; };
		A30000000000000000000005 /* Test Sources */ = {isa = PBXSourcesBuildPhase; buildActionMask = 2147483647; files = (A10000000000000000000005); runOnlyForDeploymentPostprocessing = 0; };
/* End PBXSourcesBuildPhase section */

/* Begin PBXContainerItemProxy section */
		A90000000000000000000001 /* Container proxy */ = {isa = PBXContainerItemProxy; containerPortal = A70000000000000000000001; proxyType = 1; remoteGlobalIDString = A50000000000000000000001; remoteInfo = T01PrototypeApp; };
/* End PBXContainerItemProxy section */

/* Begin PBXTargetDependency section */
		A90000000000000000000002 /* PBXTargetDependency */ = {isa = PBXTargetDependency; target = A50000000000000000000001; targetProxy = A90000000000000000000001; };
/* End PBXTargetDependency section */

/* Begin XCBuildConfiguration section */
		A80000000000000000000001 /* Debug */ = {isa = XCBuildConfiguration; buildSettings = {ALWAYS_SEARCH_USER_PATHS = NO; ASSETCATALOG_COMPILER_APPICON_NAME = AppIcon; CLANG_ENABLE_MODULES = YES; CURRENT_PROJECT_VERSION = 1; ENABLE_TESTABILITY = YES; GENERATE_INFOPLIST_FILE = YES; INFOPLIST_KEY_CFBundleDisplayName = "T01 Alarm Probe"; INFOPLIST_KEY_CFBundleIconName = AppIcon; INFOPLIST_KEY_LSApplicationCategoryType = "public.app-category.utilities"; IPHONEOS_DEPLOYMENT_TARGET = 17.0; PRODUCT_BUNDLE_IDENTIFIER = "local.t01-alarm-probe"; PRODUCT_MODULE_NAME = T01PrototypeApp; PRODUCT_NAME = "$(TARGET_NAME)"; SDKROOT = iphoneos; SWIFT_OPTIMIZATION_LEVEL = "-Onone"; SWIFT_VERSION = 5.0; TARGETED_DEVICE_FAMILY = "1"; }; name = Debug; };
		A80000000000000000000002 /* Release */ = {isa = XCBuildConfiguration; buildSettings = {ALWAYS_SEARCH_USER_PATHS = NO; ASSETCATALOG_COMPILER_APPICON_NAME = AppIcon; CLANG_ENABLE_MODULES = YES; CODE_SIGN_IDENTITY = "Apple Distribution"; CURRENT_PROJECT_VERSION = 1; GENERATE_INFOPLIST_FILE = YES; INFOPLIST_KEY_CFBundleDisplayName = "T01 Alarm Probe"; INFOPLIST_KEY_CFBundleIconName = AppIcon; INFOPLIST_KEY_LSApplicationCategoryType = "public.app-category.utilities"; IPHONEOS_DEPLOYMENT_TARGET = 17.0; PRODUCT_BUNDLE_IDENTIFIER = "local.t01-alarm-probe"; PRODUCT_NAME = "$(TARGET_NAME)"; SDKROOT = iphoneos; SWIFT_VERSION = 5.0; TARGETED_DEVICE_FAMILY = "1"; }; name = Release; };
		A80000000000000000000003 /* Debug */ = {isa = XCBuildConfiguration; buildSettings = {ALWAYS_SEARCH_USER_PATHS = NO; CLANG_ENABLE_MODULES = YES; CURRENT_PROJECT_VERSION = 1; MARKETING_VERSION = 0.1; SWIFT_OPTIMIZATION_LEVEL = "-Onone"; SWIFT_VERSION = 5.0; }; name = Debug; };
		A80000000000000000000004 /* Release */ = {isa = XCBuildConfiguration; buildSettings = {ALWAYS_SEARCH_USER_PATHS = NO; CLANG_ENABLE_MODULES = YES; CURRENT_PROJECT_VERSION = 1; MARKETING_VERSION = 0.1; SWIFT_VERSION = 5.0; }; name = Release; };
		A80000000000000000000005 /* Debug */ = {isa = XCBuildConfiguration; buildSettings = {ALWAYS_SEARCH_USER_PATHS = NO; BUNDLE_LOADER = "$(TEST_HOST)"; CLANG_ENABLE_MODULES = YES; CURRENT_PROJECT_VERSION = 1; GENERATE_INFOPLIST_FILE = YES; IPHONEOS_DEPLOYMENT_TARGET = 17.0; PRODUCT_BUNDLE_IDENTIFIER = "local.t01-alarm-probe.tests"; PRODUCT_MODULE_NAME = T01PrototypeAppTests; PRODUCT_NAME = "$(TARGET_NAME)"; SDKROOT = iphoneos; SWIFT_OPTIMIZATION_LEVEL = "-Onone"; SWIFT_VERSION = 5.0; TARGETED_DEVICE_FAMILY = "1"; TEST_HOST = "$(BUILT_PRODUCTS_DIR)/T01PrototypeApp.app/T01PrototypeApp"; }; name = Debug; };
		A80000000000000000000006 /* Release */ = {isa = XCBuildConfiguration; buildSettings = {ALWAYS_SEARCH_USER_PATHS = NO; BUNDLE_LOADER = "$(TEST_HOST)"; CLANG_ENABLE_MODULES = YES; CURRENT_PROJECT_VERSION = 1; GENERATE_INFOPLIST_FILE = YES; IPHONEOS_DEPLOYMENT_TARGET = 17.0; PRODUCT_BUNDLE_IDENTIFIER = "local.t01-alarm-probe.tests"; PRODUCT_NAME = "$(TARGET_NAME)"; SDKROOT = iphoneos; SWIFT_VERSION = 5.0; TARGETED_DEVICE_FAMILY = "1"; TEST_HOST = "$(BUILT_PRODUCTS_DIR)/T01PrototypeApp.app/T01PrototypeApp"; }; name = Release; };
/* End XCBuildConfiguration section */

/* Begin XCConfigurationList section */
		A60000000000000000000001 /* Project configuration list */ = {isa = XCConfigurationList; buildConfigurations = (A80000000000000000000003, A80000000000000000000004); defaultConfigurationIsVisible = 0; defaultConfigurationName = Release; };
		A60000000000000000000002 /* Target configuration list */ = {isa = XCConfigurationList; buildConfigurations = (A80000000000000000000001, A80000000000000000000002); defaultConfigurationIsVisible = 0; defaultConfigurationName = Release; };
		A60000000000000000000003 /* Test target configuration list */ = {isa = XCConfigurationList; buildConfigurations = (A80000000000000000000005, A80000000000000000000006); defaultConfigurationIsVisible = 0; defaultConfigurationName = Release; };
/* End XCConfigurationList section */
	};
	rootObject = A70000000000000000000001 /* Project object */;
}
